
Microsoft Visual Studio Solution File, Format Version 12.00
# Visual Studio Version 17
VisualStudioVersion = 17.1.32407.343
MinimumVisualStudioVersion = 10.0.40219.1
Project("{FAE04EC0-301F-11D3-BF4B-00C04F79EFBC}") = "Hakan.ConsoleApp.Cs50", "Hakan.ConsoleApp.Cs50\Hakan.ConsoleApp.Cs50.csproj", "{B6C11D95-A00E-482C-B05E-463BCDB45E25}"
EndProject
Project("{FAE04EC0-301F-11D3-BF4B-00C04F79EFBC}") = "Hakan.ConsoleApp.Cs50-2", "Hakan.ConsoleApp.Cs50-2\Hakan.ConsoleApp.Cs50-2.csproj", "{B1DDD572-6008-4A77-B51B-33D11DA308DF}"
EndProject
Project("{FAE04EC0-301F-11D3-BF4B-00C04F79EFBC}") = "Hakan.ConsoleApp.Cs50-3", "Hakan.ConsoleApp.Cs50-3\Hakan.ConsoleApp.Cs50-3.csproj", "{A7D51284-5221-4FE7-A023-0A2EC03B20EB}"
EndProject
Global
	GlobalSection(SolutionConfigurationPlatforms) = preSolution
		Debug|Any CPU = Debug|Any CPU
		Release|Any CPU = Release|Any CPU
	EndGlobalSection
	GlobalSection(ProjectConfigurationPlatforms) = postSolution
		{B6C11D95-A00E-482C-B05E-463BCDB45E25}.Debug|Any CPU.ActiveCfg = Debug|Any CPU
		{B6C11D95-A00E-482C-B05E-463BCDB45E25}.Debug|Any CPU.Build.0 = Debug|Any CPU
		{B6C11D95-A00E-482C-B05E-463BCDB45E25}.Release|Any CPU.ActiveCfg = Release|Any CPU
		{B6C11D95-A00E-482C-B05E-463BCDB45E25}.Release|Any CPU.Build.0 = Release|Any CPU
		{B1DDD572-6008-4A77-B51B-33D11DA308DF}.Debug|Any CPU.ActiveCfg = Debug|Any CPU
		{B1DDD572-6008-4A77-B51B-33D11DA308DF}.Debug|Any CPU.Build.0 = Debug|Any CPU
		{B1DDD572-6008-4A77-B51B-33D11DA308DF}.Release|Any CPU.ActiveCfg = Release|Any CPU
		{B1DDD572-6008-4A77-B51B-33D11DA308DF}.Release|Any CPU.Build.0 = Release|Any CPU
		{A7D51284-5221-4FE7-A023-0A2EC03B20EB}.Debug|Any CPU.ActiveCfg = Debug|Any CPU
		{A7D51284-5221-4FE7-A023-0A2EC03B20EB}.Debug|Any CPU.Build.0 = Debug|Any CPU
		{A7D51284-5221-4FE7-A023-0A2EC03B20EB}.Release|Any CPU.ActiveCfg = Release|Any CPU
		{A7D51284-5221-4FE7-A023-0A2EC03B20EB}.Release|Any CPU.Build.0 = Release|Any CPU
	EndGlobalSection
	GlobalSection(SolutionProperties) = preSolution
		HideSolutionNode = FALSE
	EndGlobalSection
	GlobalSection(ExtensibilityGlobals) = postSolution
		SolutionGuid = {A19D305D-FD8A-4DBA-AA0A-A92959A474EE}
	EndGlobalSection
EndGlobal
